
Microsoft Visual Studio Solution File, Format Version 12.00
# Visual Studio Version 17
VisualStudioVersion = 17.5.33424.131
MinimumVisualStudioVersion = 10.0.40219.1
Project("{FAE04EC0-301F-11D3-BF4B-00C04F79EFBC}") = "ConsoleApp", "ConsoleApp\ConsoleApp.csproj", "{C589C603-5133-46F4-9C4E-1C655812C91B}"
EndProject
Project("{FAE04EC0-301F-11D3-BF4B-00C04F79EFBC}") = "132123", "132123\132123.csproj", "{F59D88B2-97BC-4D67-B474-F1B823587761}"
EndProject
Global
	GlobalSection(SolutionConfigurationPlatforms) = preSolution
		Debug|Any CPU = Debug|Any CPU
		Release|Any CPU = Release|Any CPU
	EndGlobalSection
	GlobalSection(ProjectConfigurationPlatforms) = postSolution
		{C589C603-5133-46F4-9C4E-1C655812C91B}.Debug|Any CPU.ActiveCfg = Debug|Any CPU
		{C589C603-5133-46F4-9C4E-1C655812C91B}.Debug|Any CPU.Build.0 = Debug|Any CPU
		{C589C603-5133-46F4-9C4E-1C655812C91B}.Release|Any CPU.ActiveCfg = Release|Any CPU
		{C589C603-5133-46F4-9C4E-1C655812C91B}.Release|Any CPU.Build.0 = Release|Any CPU
		{F59D88B2-97BC-4D67-B474-F1B823587761}.Debug|Any CPU.ActiveCfg = Debug|Any CPU
		{F59D88B2-97BC-4D67-B474-F1B823587761}.Debug|Any CPU.Build.0 = Debug|Any CPU
		{F59D88B2-97BC-4D67-B474-F1B823587761}.Release|Any CPU.ActiveCfg = Release|Any CPU
		{F59D88B2-97BC-4D67-B474-F1B823587761}.Release|Any CPU.Build.0 = Release|Any CPU
	EndGlobalSection
	GlobalSection(SolutionProperties) = preSolution
		HideSolutionNode = FALSE
	EndGlobalSection
	GlobalSection(ExtensibilityGlobals) = postSolution
		SolutionGuid = {FFA7DCDD-CFCA-4CBD-BC90-C5B4E72D7A9C}
	EndGlobalSection
EndGlobal
